
Microsoft Visual Studio Solution File, Format Version 12.00
# Visual Studio 15
Project("{FAE04EC0-301F-11D3-BF4B-00C04F79EFBC}") = "Assembly-CSharp", "Assembly-CSharp.csproj", "{3A64F60F-4F93-FB92-DE70-F1B0F5AA3524}"
EndProject
Project("{FAE04EC0-301F-11D3-BF4B-00C04F79EFBC}") = "Assembly-CSharp-Editor", "Assembly-CSharp-Editor.csproj", "{0CCE473D-65B9-BAD8-6AF8-C73E71DEF9EC}"
EndProject
Global
	GlobalSection(SolutionConfigurationPlatforms) = preSolution
		Debug|Any CPU = Debug|Any CPU
		Release|Any CPU = Release|Any CPU
	EndGlobalSection
	GlobalSection(ProjectConfigurationPlatforms) = postSolution
		{3A64F60F-4F93-FB92-DE70-F1B0F5AA3524}.Debug|Any CPU.ActiveCfg = Debug|Any CPU
		{3A64F60F-4F93-FB92-DE70-F1B0F5AA3524}.Debug|Any CPU.Build.0 = Debug|Any CPU
		{3A64F60F-4F93-FB92-DE70-F1B0F5AA3524}.Release|Any CPU.ActiveCfg = Release|Any CPU
		{3A64F60F-4F93-FB92-DE70-F1B0F5AA3524}.Release|Any CPU.Build.0 = Release|Any CPU
		{0CCE473D-65B9-BAD8-6AF8-C73E71DEF9EC}.Debug|Any CPU.ActiveCfg = Debug|Any CPU
		{0CCE473D-65B9-BAD8-6AF8-C73E71DEF9EC}.Debug|Any CPU.Build.0 = Debug|Any CPU
		{0CCE473D-65B9-BAD8-6AF8-C73E71DEF9EC}.Release|Any CPU.ActiveCfg = Release|Any CPU
		{0CCE473D-65B9-BAD8-6AF8-C73E71DEF9EC}.Release|Any CPU.Build.0 = Release|Any CPU
	EndGlobalSection
	GlobalSection(SolutionProperties) = preSolution
		HideSolutionNode = FALSE
	EndGlobalSection
EndGlobal
